
Microsoft Visual Studio Solution File, Format Version 12.00
# Visual Studio Version 17
VisualStudioVersion = 17.0.31521.260
MinimumVisualStudioVersion = 10.0.40219.1
Project("{FAE04EC0-301F-11D3-BF4B-00C04F79EFBC}") = "ShoppingCart", "ShoppingCart\ShoppingCart.csproj", "{925DF5AE-73AB-408D-83F2-61E0440AC58D}"
EndProject
Project("{FAE04EC0-301F-11D3-BF4B-00C04F79EFBC}") = "ShoppingFacade", "ShoppingFacade\ShoppingFacade.csproj", "{C23C67AB-168F-46D0-A1ED-0DCD1804D7C5}"
EndProject
Project("{FAE04EC0-301F-11D3-BF4B-00C04F79EFBC}") = "FacadeDemo", "FacadeDemo\FacadeDemo.csproj", "{1E0BF06B-29CB-4826-A85D-EE4BE1C230EB}"
EndProject
Global
	GlobalSection(SolutionConfigurationPlatforms) = preSolution
		Debug|Any CPU = Debug|Any CPU
		Release|Any CPU = Release|Any CPU
	EndGlobalSection
	GlobalSection(ProjectConfigurationPlatforms) = postSolution
		{925DF5AE-73AB-408D-83F2-61E0440AC58D}.Debug|Any CPU.ActiveCfg = Debug|Any CPU
		{925DF5AE-73AB-408D-83F2-61E0440AC58D}.Debug|Any CPU.Build.0 = Debug|Any CPU
		{925DF5AE-73AB-408D-83F2-61E0440AC58D}.Release|Any CPU.ActiveCfg = Release|Any CPU
		{925DF5AE-73AB-408D-83F2-61E0440AC58D}.Release|Any CPU.Build.0 = Release|Any CPU
		{C23C67AB-168F-46D0-A1ED-0DCD1804D7C5}.Debug|Any CPU.ActiveCfg = Debug|Any CPU
		{C23C67AB-168F-46D0-A1ED-0DCD1804D7C5}.Debug|Any CPU.Build.0 = Debug|Any CPU
		{C23C67AB-168F-46D0-A1ED-0DCD1804D7C5}.Release|Any CPU.ActiveCfg = Release|Any CPU
		{C23C67AB-168F-46D0-A1ED-0DCD1804D7C5}.Release|Any CPU.Build.0 = Release|Any CPU
		{1E0BF06B-29CB-4826-A85D-EE4BE1C230EB}.Debug|Any CPU.ActiveCfg = Debug|Any CPU
		{1E0BF06B-29CB-4826-A85D-EE4BE1C230EB}.Debug|Any CPU.Build.0 = Debug|Any CPU
		{1E0BF06B-29CB-4826-A85D-EE4BE1C230EB}.Release|Any CPU.ActiveCfg = Release|Any CPU
		{1E0BF06B-29CB-4826-A85D-EE4BE1C230EB}.Release|Any CPU.Build.0 = Release|Any CPU
	EndGlobalSection
	GlobalSection(SolutionProperties) = preSolution
		HideSolutionNode = FALSE
	EndGlobalSection
	GlobalSection(ExtensibilityGlobals) = postSolution
		SolutionGuid = {A9189003-B4C9-4980-A14F-BB57FD296553}
	EndGlobalSection
EndGlobal
